
Microsoft Visual Studio Solution File, Format Version 11.00
# Visual Studio 2010
Project("{FAE04EC0-301F-11D3-BF4B-00C04F79EFBC}") = "GraphLib", "GraphLib\GraphLib.csproj", "{907F431C-8FB3-4BF1-9EA3-0755593F288A}"
EndProject
Global
	GlobalSection(TeamFoundationVersionControl) = preSolution
		SccNumberOfProjects = 2
		SccEnterpriseProvider = {4CA58AB2-18FA-4F8D-95D4-32DDF27D184C}
		SccTeamFoundationServer = http://lorentz:8080/tfs/layteccollection
		SccLocalPath0 = .
		SccProjectUniqueName1 = GraphLib\\GraphLib.csproj
		SccProjectName1 = GraphLib
		SccLocalPath1 = GraphLib
	EndGlobalSection
	GlobalSection(SolutionConfigurationPlatforms) = preSolution
		Debug|Any CPU = Debug|Any CPU
		Release|Any CPU = Release|Any CPU
	EndGlobalSection
	GlobalSection(ProjectConfigurationPlatforms) = postSolution
		{907F431C-8FB3-4BF1-9EA3-0755593F288A}.Debug|Any CPU.ActiveCfg = Debug|Any CPU
		{907F431C-8FB3-4BF1-9EA3-0755593F288A}.Debug|Any CPU.Build.0 = Debug|Any CPU
		{907F431C-8FB3-4BF1-9EA3-0755593F288A}.Release|Any CPU.ActiveCfg = Release|Any CPU
		{907F431C-8FB3-4BF1-9EA3-0755593F288A}.Release|Any CPU.Build.0 = Release|Any CPU
	EndGlobalSection
	GlobalSection(SolutionProperties) = preSolution
		HideSolutionNode = FALSE
	EndGlobalSection
EndGlobal
